
Microsoft Visual Studio Solution File, Format Version 12.00
# Visual Studio Version 16
VisualStudioVersion = 16.0.29020.237
MinimumVisualStudioVersion = 10.0.40219.1
Project("{9A19103F-16F7-4668-BE54-9A1E7A4F7556}") = "Meowv.Blog.Domain", "src\Meowv.Blog.Domain\Meowv.Blog.Domain.csproj", "{554AD327-6DBA-4F8F-96F8-81CE7A0C863F}"
EndProject
Project("{9A19103F-16F7-4668-BE54-9A1E7A4F7556}") = "Meowv.Blog.Application", "src\Meowv.Blog.Application\Meowv.Blog.Application.csproj", "{1A94A50E-06DC-43C1-80B5-B662820EC3EB}"
EndProject
Project("{9A19103F-16F7-4668-BE54-9A1E7A4F7556}") = "Meowv.Blog.EntityFrameworkCore", "src\Meowv.Blog.EntityFrameworkCore\Meowv.Blog.EntityFrameworkCore.csproj", "{C956DD76-69C8-4A9C-83EA-D17DF83340FD}"
EndProject
Project("{9A19103F-16F7-4668-BE54-9A1E7A4F7556}") = "Meowv.Blog.HttpApi.Hosting", "src\Meowv.Blog.Web\Meowv.Blog.HttpApi.Hosting.csproj", "{068855E8-9240-4F1A-910B-CF825794513B}"
EndProject
Project("{2150E333-8FDC-42A3-9474-1A3956D46DE8}") = "src", "src", "{CA9AC87F-097E-4F15-8393-4BC07735A5B0}"
EndProject
Project("{9A19103F-16F7-4668-BE54-9A1E7A4F7556}") = "Meowv.Blog.EntityFrameworkCore.DbMigrations", "src\Meowv.Blog.EntityFrameworkCore.DbMigrations\Meowv.Blog.EntityFrameworkCore.DbMigrations.csproj", "{0372FA84-C517-4EB3-9A9F-B9ACAC0CA5E0}"
EndProject
Project("{9A19103F-16F7-4668-BE54-9A1E7A4F7556}") = "Meowv.Blog.Domain.Shared", "src\Meowv.Blog.Domain.Shared\Meowv.Blog.Domain.Shared.csproj", "{42F719ED-8413-4895-B5B4-5AB56079BC66}"
EndProject
Project("{9A19103F-16F7-4668-BE54-9A1E7A4F7556}") = "Meowv.Blog.Application.Contracts", "src\Meowv.Blog.Application.Contracts\Meowv.Blog.Application.Contracts.csproj", "{520659C8-C734-4298-A3DA-B539DB9DFC0B}"
EndProject
Project("{9A19103F-16F7-4668-BE54-9A1E7A4F7556}") = "Meowv.Blog.HttpApi", "src\Meowv.Blog.HttpApi\Meowv.Blog.HttpApi.csproj", "{4164BDF7-F527-4E85-9CE6-E3C2D7426A27}"
EndProject
Project("{9A19103F-16F7-4668-BE54-9A1E7A4F7556}") = "Meowv.Blog.HttpApi.Client", "src\Meowv.Blog.HttpApi.Client\Meowv.Blog.HttpApi.Client.csproj", "{3B5A0094-670D-4BB1-BFDD-61B88A8773DC}"
EndProject
Project("{9A19103F-16F7-4668-BE54-9A1E7A4F7556}") = "Meowv.Blog.DbMigrator", "src\Meowv.Blog.DbMigrator\Meowv.Blog.DbMigrator.csproj", "{AA94D832-1CCC-4715-95A9-A483F23A1A5D}"
EndProject
Project("{FAE04EC0-301F-11D3-BF4B-00C04F79EFBC}") = "Meowv.Blog.Application.Caching", "Meowv.Blog.Application.Caching\Meowv.Blog.Application.Caching.csproj", "{72D859D9-CE6E-45A7-81BA-C821314EE1D3}"
EndProject
Project("{FAE04EC0-301F-11D3-BF4B-00C04F79EFBC}") = "Meowv.Blog.BackgroundJobs", "Meowv.Blog.BackgroundJobs\Meowv.Blog.BackgroundJobs.csproj", "{92F931D7-767D-4FF7-97C3-C0A357EE9900}"
EndProject
Project("{FAE04EC0-301F-11D3-BF4B-00C04F79EFBC}") = "Meowv.Blog.Swagger", "Meowv.Blog.Swagger\Meowv.Blog.Swagger.csproj", "{9D497127-4AE9-4892-B716-A95150124A2A}"
EndProject
Project("{FAE04EC0-301F-11D3-BF4B-00C04F79EFBC}") = "Meowv.Blog.ToolKits", "Meowv.Blog.ToolKits\Meowv.Blog.ToolKits.csproj", "{DFC7633E-6C42-4316-82B5-23D3B8A21997}"
EndProject
Project("{2150E333-8FDC-42A3-9474-1A3956D46DE8}") = "solution-items", "solution-items", "{39ECB28D-F718-4AF3-A79F-0191217EE27C}"
EndProject
Global
	GlobalSection(SolutionConfigurationPlatforms) = preSolution
		Debug|Any CPU = Debug|Any CPU
		Release|Any CPU = Release|Any CPU
	EndGlobalSection
	GlobalSection(ProjectConfigurationPlatforms) = postSolution
		{554AD327-6DBA-4F8F-96F8-81CE7A0C863F}.Debug|Any CPU.ActiveCfg = Debug|Any CPU
		{554AD327-6DBA-4F8F-96F8-81CE7A0C863F}.Debug|Any CPU.Build.0 = Debug|Any CPU
		{554AD327-6DBA-4F8F-96F8-81CE7A0C863F}.Release|Any CPU.ActiveCfg = Release|Any CPU
		{554AD327-6DBA-4F8F-96F8-81CE7A0C863F}.Release|Any CPU.Build.0 = Release|Any CPU
		{1A94A50E-06DC-43C1-80B5-B662820EC3EB}.Debug|Any CPU.ActiveCfg = Debug|Any CPU
		{1A94A50E-06DC-43C1-80B5-B662820EC3EB}.Debug|Any CPU.Build.0 = Debug|Any CPU
		{1A94A50E-06DC-43C1-80B5-B662820EC3EB}.Release|Any CPU.ActiveCfg = Release|Any CPU
		{1A94A50E-06DC-43C1-80B5-B662820EC3EB}.Release|Any CPU.Build.0 = Release|Any CPU
		{C956DD76-69C8-4A9C-83EA-D17DF83340FD}.Debug|Any CPU.ActiveCfg = Debug|Any CPU
		{C956DD76-69C8-4A9C-83EA-D17DF83340FD}.Debug|Any CPU.Build.0 = Debug|Any CPU
		{C956DD76-69C8-4A9C-83EA-D17DF83340FD}.Release|Any CPU.ActiveCfg = Release|Any CPU
		{C956DD76-69C8-4A9C-83EA-D17DF83340FD}.Release|Any CPU.Build.0 = Release|Any CPU
		{068855E8-9240-4F1A-910B-CF825794513B}.Debug|Any CPU.ActiveCfg = Debug|Any CPU
		{068855E8-9240-4F1A-910B-CF825794513B}.Debug|Any CPU.Build.0 = Debug|Any CPU
		{068855E8-9240-4F1A-910B-CF825794513B}.Release|Any CPU.ActiveCfg = Release|Any CPU
		{068855E8-9240-4F1A-910B-CF825794513B}.Release|Any CPU.Build.0 = Release|Any CPU
		{0372FA84-C517-4EB3-9A9F-B9ACAC0CA5E0}.Debug|Any CPU.ActiveCfg = Debug|Any CPU
		{0372FA84-C517-4EB3-9A9F-B9ACAC0CA5E0}.Debug|Any CPU.Build.0 = Debug|Any CPU
		{0372FA84-C517-4EB3-9A9F-B9ACAC0CA5E0}.Release|Any CPU.ActiveCfg = Release|Any CPU
		{0372FA84-C517-4EB3-9A9F-B9ACAC0CA5E0}.Release|Any CPU.Build.0 = Release|Any CPU
		{42F719ED-8413-4895-B5B4-5AB56079BC66}.Debug|Any CPU.ActiveCfg = Debug|Any CPU
		{42F719ED-8413-4895-B5B4-5AB56079BC66}.Debug|Any CPU.Build.0 = Debug|Any CPU
		{42F719ED-8413-4895-B5B4-5AB56079BC66}.Release|Any CPU.ActiveCfg = Release|Any CPU
		{42F719ED-8413-4895-B5B4-5AB56079BC66}.Release|Any CPU.Build.0 = Release|Any CPU
		{520659C8-C734-4298-A3DA-B539DB9DFC0B}.Debug|Any CPU.ActiveCfg = Debug|Any CPU
		{520659C8-C734-4298-A3DA-B539DB9DFC0B}.Debug|Any CPU.Build.0 = Debug|Any CPU
		{520659C8-C734-4298-A3DA-B539DB9DFC0B}.Release|Any CPU.ActiveCfg = Release|Any CPU
		{520659C8-C734-4298-A3DA-B539DB9DFC0B}.Release|Any CPU.Build.0 = Release|Any CPU
		{4164BDF7-F527-4E85-9CE6-E3C2D7426A27}.Debug|Any CPU.ActiveCfg = Debug|Any CPU
		{4164BDF7-F527-4E85-9CE6-E3C2D7426A27}.Debug|Any CPU.Build.0 = Debug|Any CPU
		{4164BDF7-F527-4E85-9CE6-E3C2D7426A27}.Release|Any CPU.ActiveCfg = Release|Any CPU
		{4164BDF7-F527-4E85-9CE6-E3C2D7426A27}.Release|Any CPU.Build.0 = Release|Any CPU
		{3B5A0094-670D-4BB1-BFDD-61B88A8773DC}.Debug|Any CPU.ActiveCfg = Debug|Any CPU
		{3B5A0094-670D-4BB1-BFDD-61B88A8773DC}.Debug|Any CPU.Build.0 = Debug|Any CPU
		{3B5A0094-670D-4BB1-BFDD-61B88A8773DC}.Release|Any CPU.ActiveCfg = Release|Any CPU
		{3B5A0094-670D-4BB1-BFDD-61B88A8773DC}.Release|Any CPU.Build.0 = Release|Any CPU
		{AA94D832-1CCC-4715-95A9-A483F23A1A5D}.Debug|Any CPU.ActiveCfg = Debug|Any CPU
		{AA94D832-1CCC-4715-95A9-A483F23A1A5D}.Debug|Any CPU.Build.0 = Debug|Any CPU
		{AA94D832-1CCC-4715-95A9-A483F23A1A5D}.Release|Any CPU.ActiveCfg = Release|Any CPU
		{AA94D832-1CCC-4715-95A9-A483F23A1A5D}.Release|Any CPU.Build.0 = Release|Any CPU
		{72D859D9-CE6E-45A7-81BA-C821314EE1D3}.Debug|Any CPU.ActiveCfg = Debug|Any CPU
		{72D859D9-CE6E-45A7-81BA-C821314EE1D3}.Debug|Any CPU.Build.0 = Debug|Any CPU
		{72D859D9-CE6E-45A7-81BA-C821314EE1D3}.Release|Any CPU.ActiveCfg = Release|Any CPU
		{72D859D9-CE6E-45A7-81BA-C821314EE1D3}.Release|Any CPU.Build.0 = Release|Any CPU
		{92F931D7-767D-4FF7-97C3-C0A357EE9900}.Debug|Any CPU.ActiveCfg = Debug|Any CPU
		{92F931D7-767D-4FF7-97C3-C0A357EE9900}.Debug|Any CPU.Build.0 = Debug|Any CPU
		{92F931D7-767D-4FF7-97C3-C0A357EE9900}.Release|Any CPU.ActiveCfg = Release|Any CPU
		{92F931D7-767D-4FF7-97C3-C0A357EE9900}.Release|Any CPU.Build.0 = Release|Any CPU
		{9D497127-4AE9-4892-B716-A95150124A2A}.Debug|Any CPU.ActiveCfg = Debug|Any CPU
		{9D497127-4AE9-4892-B716-A95150124A2A}.Debug|Any CPU.Build.0 = Debug|Any CPU
		{9D497127-4AE9-4892-B716-A95150124A2A}.Release|Any CPU.ActiveCfg = Release|Any CPU
		{9D497127-4AE9-4892-B716-A95150124A2A}.Release|Any CPU.Build.0 = Release|Any CPU
		{DFC7633E-6C42-4316-82B5-23D3B8A21997}.Debug|Any CPU.ActiveCfg = Debug|Any CPU
		{DFC7633E-6C42-4316-82B5-23D3B8A21997}.Debug|Any CPU.Build.0 = Debug|Any CPU
		{DFC7633E-6C42-4316-82B5-23D3B8A21997}.Release|Any CPU.ActiveCfg = Release|Any CPU
		{DFC7633E-6C42-4316-82B5-23D3B8A21997}.Release|Any CPU.Build.0 = Release|Any CPU
	EndGlobalSection
	GlobalSection(SolutionProperties) = preSolution
		HideSolutionNode = FALSE
	EndGlobalSection
	GlobalSection(NestedProjects) = preSolution
		{554AD327-6DBA-4F8F-96F8-81CE7A0C863F} = {CA9AC87F-097E-4F15-8393-4BC07735A5B0}
		{1A94A50E-06DC-43C1-80B5-B662820EC3EB} = {CA9AC87F-097E-4F15-8393-4BC07735A5B0}
		{C956DD76-69C8-4A9C-83EA-D17DF83340FD} = {CA9AC87F-097E-4F15-8393-4BC07735A5B0}
		{068855E8-9240-4F1A-910B-CF825794513B} = {CA9AC87F-097E-4F15-8393-4BC07735A5B0}
		{0372FA84-C517-4EB3-9A9F-B9ACAC0CA5E0} = {CA9AC87F-097E-4F15-8393-4BC07735A5B0}
		{42F719ED-8413-4895-B5B4-5AB56079BC66} = {CA9AC87F-097E-4F15-8393-4BC07735A5B0}
		{520659C8-C734-4298-A3DA-B539DB9DFC0B} = {CA9AC87F-097E-4F15-8393-4BC07735A5B0}
		{4164BDF7-F527-4E85-9CE6-E3C2D7426A27} = {CA9AC87F-097E-4F15-8393-4BC07735A5B0}
		{3B5A0094-670D-4BB1-BFDD-61B88A8773DC} = {CA9AC87F-097E-4F15-8393-4BC07735A5B0}
		{AA94D832-1CCC-4715-95A9-A483F23A1A5D} = {CA9AC87F-097E-4F15-8393-4BC07735A5B0}
		{72D859D9-CE6E-45A7-81BA-C821314EE1D3} = {CA9AC87F-097E-4F15-8393-4BC07735A5B0}
		{92F931D7-767D-4FF7-97C3-C0A357EE9900} = {CA9AC87F-097E-4F15-8393-4BC07735A5B0}
		{9D497127-4AE9-4892-B716-A95150124A2A} = {CA9AC87F-097E-4F15-8393-4BC07735A5B0}
		{DFC7633E-6C42-4316-82B5-23D3B8A21997} = {CA9AC87F-097E-4F15-8393-4BC07735A5B0}
	EndGlobalSection
	GlobalSection(ExtensibilityGlobals) = postSolution
		SolutionGuid = {28315BFD-90E7-4E14-A2EA-F3D23AF4126F}
	EndGlobalSection
EndGlobal
Project("{2150E333-8FDC-42A3-9474-1A3956D46DE8}") = "solution-items", "solution-items", "{731730B9-645C-430A-AB05-3FC2BED63614}"
      ProjectSection(SolutionItems) = preProject
            .gitattributes = .gitattributes
            .gitignore = .gitignore
            common.props = common.props
            LICENSE = LICENSE
            README.md = README.md
      EndProjectSection
EndProject